
Microsoft Visual Studio Solution File, Format Version 12.00
# Visual Studio 2012
Project("{FAE04EC0-301F-11D3-BF4B-00C04F79EFBC}") = "WordFinder", "WordFinder\WordFinder.csproj", "{1FC675E8-5CF2-4214-9DEA-2AD63D85C689}"
EndProject
Project("{FAE04EC0-301F-11D3-BF4B-00C04F79EFBC}") = "WordFinder.Tests", "WordFinder.Tests\WordFinder.Tests.csproj", "{C388F1C4-25C6-4D35-9D24-C13890127AD5}"
EndProject
Global
	GlobalSection(SolutionConfigurationPlatforms) = preSolution
		Debug|Any CPU = Debug|Any CPU
		Release|Any CPU = Release|Any CPU
	EndGlobalSection
	GlobalSection(ProjectConfigurationPlatforms) = postSolution
		{1FC675E8-5CF2-4214-9DEA-2AD63D85C689}.Debug|Any CPU.ActiveCfg = Debug|Any CPU
		{1FC675E8-5CF2-4214-9DEA-2AD63D85C689}.Debug|Any CPU.Build.0 = Debug|Any CPU
		{1FC675E8-5CF2-4214-9DEA-2AD63D85C689}.Release|Any CPU.ActiveCfg = Release|Any CPU
		{1FC675E8-5CF2-4214-9DEA-2AD63D85C689}.Release|Any CPU.Build.0 = Release|Any CPU
		{C388F1C4-25C6-4D35-9D24-C13890127AD5}.Debug|Any CPU.ActiveCfg = Debug|Any CPU
		{C388F1C4-25C6-4D35-9D24-C13890127AD5}.Debug|Any CPU.Build.0 = Debug|Any CPU
		{C388F1C4-25C6-4D35-9D24-C13890127AD5}.Release|Any CPU.ActiveCfg = Release|Any CPU
		{C388F1C4-25C6-4D35-9D24-C13890127AD5}.Release|Any CPU.Build.0 = Release|Any CPU
	EndGlobalSection
	GlobalSection(SolutionProperties) = preSolution
		HideSolutionNode = FALSE
	EndGlobalSection
EndGlobal
